// !$*UTF8*$!
{
	archiveVersion = 1;
	classes = {
	};
	objectVersion = 56;
	objects = {

/* Begin PBXBuildFile section */
		552CD5EE29C45110007A4997 /* AppDelegate.swift in Sources */ = {isa = PBXBuildFile; fileRef = 552CD5ED29C45110007A4997 /* AppDelegate.swift */; };
		552CD5F029C45110007A4997 /* SceneDelegate.swift in Sources */ = {isa = PBXBuildFile; fileRef = 552CD5EF29C45110007A4997 /* SceneDelegate.swift */; };
		552CD5F229C45110007A4997 /* ViewController.swift in Sources */ = {isa = PBXBuildFile; fileRef = 552CD5F129C45110007A4997 /* ViewController.swift */; };
		552CD5F529C45110007A4997 /* Main.storyboard in Resources */ = {isa = PBXBuildFile; fileRef = 552CD5F329C45110007A4997 /* Main.storyboard */; };
		552CD5F829C45110007A4997 /* FiraChat_Jimmy.xcdatamodeld in Sources */ = {isa = PBXBuildFile; fileRef = 552CD5F629C45110007A4997 /* FiraChat_Jimmy.xcdatamodeld */; };
		552CD5FA29C45111007A4997 /* Assets.xcassets in Resources */ = {isa = PBXBuildFile; fileRef = 552CD5F929C45111007A4997 /* Assets.xcassets */; };
		552CD5FD29C45111007A4997 /* LaunchScreen.storyboard in Resources */ = {isa = PBXBuildFile; fileRef = 552CD5FB29C45111007A4997 /* LaunchScreen.storyboard */; };
		552CD60B29C451CC007A4997 /* ConversationsController.swift in Sources */ = {isa = PBXBuildFile; fileRef = 552CD60A29C451CC007A4997 /* ConversationsController.swift */; };
		552CD60D29C453F0007A4997 /* Extensions.swift in Sources */ = {isa = PBXBuildFile; fileRef = 552CD60C29C453F0007A4997 /* Extensions.swift */; };
		552CD61029C45411007A4997 /* JGProgressHUD in Frameworks */ = {isa = PBXBuildFile; productRef = 552CD60F29C45411007A4997 /* JGProgressHUD */; };
		552CD61329C46A9E007A4997 /* FirebaseAuth in Frameworks */ = {isa = PBXBuildFile; productRef = 552CD61229C46A9E007A4997 /* FirebaseAuth */; };
		552CD61529C46A9E007A4997 /* FirebaseDatabase in Frameworks */ = {isa = PBXBuildFile; productRef = 552CD61429C46A9E007A4997 /* FirebaseDatabase */; };
		552CD61729C46A9E007A4997 /* FirebaseFirestore in Frameworks */ = {isa = PBXBuildFile; productRef = 552CD61629C46A9E007A4997 /* FirebaseFirestore */; };
		552CD61929C46A9E007A4997 /* FirebaseStorage in Frameworks */ = {isa = PBXBuildFile; productRef = 552CD61829C46A9E007A4997 /* FirebaseStorage */; };
		552CD62329C46E03007A4997 /* LoginView.swift in Sources */ = {isa = PBXBuildFile; fileRef = 552CD62229C46E03007A4997 /* LoginView.swift */; };
		552CD62529C46E40007A4997 /* LoginViewController.swift in Sources */ = {isa = PBXBuildFile; fileRef = 552CD62429C46E40007A4997 /* LoginViewController.swift */; };
		552CD62729C48440007A4997 /* GoogleService-Info.plist in Resources */ = {isa = PBXBuildFile; fileRef = 552CD62629C48440007A4997 /* GoogleService-Info.plist */; };
		552CD62929C486D7007A4997 /* DataManager.swift in Sources */ = {isa = PBXBuildFile; fileRef = 552CD62829C486D7007A4997 /* DataManager.swift */; };
		553F209A29C4950E009D8DEB /* SnapKit in Frameworks */ = {isa = PBXBuildFile; productRef = 553F209929C4950E009D8DEB /* SnapKit */; };
		553F209C29C4A6CC009D8DEB /* RegistView.swift in Sources */ = {isa = PBXBuildFile; fileRef = 553F209B29C4A6CC009D8DEB /* RegistView.swift */; };
		553F209E29C4A6E0009D8DEB /* RegistrationViewController.swift in Sources */ = {isa = PBXBuildFile; fileRef = 553F209D29C4A6E0009D8DEB /* RegistrationViewController.swift */; };
		553F20A029C5A127009D8DEB /* LogicModel.swift in Sources */ = {isa = PBXBuildFile; fileRef = 553F209F29C5A127009D8DEB /* LogicModel.swift */; };
		55978BB429CF1FBF002765E9 /* Extensions 2.swift in Sources */ = {isa = PBXBuildFile; fileRef = 55978BB329CF1FBF002765E9 /* Extensions 2.swift */; };
		55978BB629CF2853002765E9 /* ConversationCell.swift in Sources */ = {isa = PBXBuildFile; fileRef = 55978BB529CF2853002765E9 /* ConversationCell.swift */; };
		55978BB829CF2CAC002765E9 /* ConversationViewModel.swift in Sources */ = {isa = PBXBuildFile; fileRef = 55978BB729CF2CAC002765E9 /* ConversationViewModel.swift */; };
		55A2C91129D16FCC00C9E6EB /* ProfileHeader.swift in Sources */ = {isa = PBXBuildFile; fileRef = 55A2C91029D16FCC00C9E6EB /* ProfileHeader.swift */; };
		55A2C91329D2AEB300C9E6EB /* ProfileController.swift in Sources */ = {isa = PBXBuildFile; fileRef = 55A2C91229D2AEB300C9E6EB /* ProfileController.swift */; };
		55A2C91529D2C0F900C9E6EB /* ProfileViewModel.swift in Sources */ = {isa = PBXBuildFile; fileRef = 55A2C91429D2C0F900C9E6EB /* ProfileViewModel.swift */; };
		55A2C91729D2F65C00C9E6EB /* ProfileCell.swift in Sources */ = {isa = PBXBuildFile; fileRef = 55A2C91629D2F65C00C9E6EB /* ProfileCell.swift */; };
		55A2C91929D3170400C9E6EB /* ProfileFooter.swift in Sources */ = {isa = PBXBuildFile; fileRef = 55A2C91829D3170400C9E6EB /* ProfileFooter.swift */; };
		55A2C91B29D5492E00C9E6EB /* Error.swift in Sources */ = {isa = PBXBuildFile; fileRef = 55A2C91A29D5492E00C9E6EB /* Error.swift */; };
		55B0C4E729C981C000C38805 /* UserCell.swift in Sources */ = {isa = PBXBuildFile; fileRef = 55B0C4E629C981C000C38805 /* UserCell.swift */; };
		55B0C4E929C99D8500C38805 /* User.swift in Sources */ = {isa = PBXBuildFile; fileRef = 55B0C4E829C99D8500C38805 /* User.swift */; };
		55B0C4EB29C99F7700C38805 /* Service.swift in Sources */ = {isa = PBXBuildFile; fileRef = 55B0C4EA29C99F7700C38805 /* Service.swift */; };
		55B0C4EE29C9AC5E00C38805 /* SDWebImage in Frameworks */ = {isa = PBXBuildFile; productRef = 55B0C4ED29C9AC5E00C38805 /* SDWebImage */; };
		55B0C4F029C9B60D00C38805 /* ChatController.swift in Sources */ = {isa = PBXBuildFile; fileRef = 55B0C4EF29C9B60D00C38805 /* ChatController.swift */; };
		55B0C4F229CAB67000C38805 /* CustomInputAccessoryView.swift in Sources */ = {isa = PBXBuildFile; fileRef = 55B0C4F129CAB67000C38805 /* CustomInputAccessoryView.swift */; };
		55B0C4F429CAD2DA00C38805 /* MessageCell.swift in Sources */ = {isa = PBXBuildFile; fileRef = 55B0C4F329CAD2DA00C38805 /* MessageCell.swift */; };
		55B0C4F729CADA6A00C38805 /* Message.swift in Sources */ = {isa = PBXBuildFile; fileRef = 55B0C4F629CADA6A00C38805 /* Message.swift */; };
		55B0C4F929CAE10800C38805 /* MessageViewModel.swift in Sources */ = {isa = PBXBuildFile; fileRef = 55B0C4F829CAE10800C38805 /* MessageViewModel.swift */; };
		55B0C4FB29CC09DF00C38805 /* Constants.swift in Sources */ = {isa = PBXBuildFile; fileRef = 55B0C4FA29CC09DF00C38805 /* Constants.swift */; };
		55FCBAE429C84F150080EF45 /* AuthAPI.swift in Sources */ = {isa = PBXBuildFile; fileRef = 55FCBAE329C84F150080EF45 /* AuthAPI.swift */; };
		55FCBAE629C891DC0080EF45 /* NewMessageController.swift in Sources */ = {isa = PBXBuildFile; fileRef = 55FCBAE529C891DC0080EF45 /* NewMessageController.swift */; };
/* End PBXBuildFile section */

/* Begin PBXCopyFilesBuildPhase section */
		552CD62129C46DA9007A4997 /* Embed Frameworks */ = {
			isa = PBXCopyFilesBuildPhase;
			buildActionMask = 2147483647;
			dstPath = "";
			dstSubfolderSpec = 10;
			files = (
			);
			name = "Embed Frameworks";
			runOnlyForDeploymentPostprocessing = 0;
		};
/* End PBXCopyFilesBuildPhase section */

/* Begin PBXFileReference section */
		552CD5EA29C45110007A4997 /* FiraChat_Jimmy.app */ = {isa = PBXFileReference; explicitFileType = wrapper.application; includeInIndex = 0; path = FiraChat_Jimmy.app; sourceTree = BUILT_PRODUCTS_DIR; };
		552CD5ED29C45110007A4997 /* AppDelegate.swift */ = {isa = PBXFileReference; lastKnownFileType = sourcecode.swift; path = AppDelegate.swift; sourceTree = "<group>"; };
		552CD5EF29C45110007A4997 /* SceneDelegate.swift */ = {isa = PBXFileReference; lastKnownFileType = sourcecode.swift; path = SceneDelegate.swift; sourceTree = "<group>"; };
		552CD5F129C45110007A4997 /* ViewController.swift */ = {isa = PBXFileReference; lastKnownFileType = sourcecode.swift; path = ViewController.swift; sourceTree = "<group>"; };
		552CD5F429C45110007A4997 /* Base */ = {isa = PBXFileReference; lastKnownFileType = file.storyboard; name = Base; path = Base.lproj/Main.storyboard; sourceTree = "<group>"; };
		552CD5F729C45110007A4997 /* FiraChat_Jimmy.xcdatamodel */ = {isa = PBXFileReference; lastKnownFileType = wrapper.xcdatamodel; path = FiraChat_Jimmy.xcdatamodel; sourceTree = "<group>"; };
		552CD5F929C45111007A4997 /* Assets.xcassets */ = {isa = PBXFileReference; lastKnownFileType = folder.assetcatalog; path = Assets.xcassets; sourceTree = "<group>"; };
		552CD5FC29C45111007A4997 /* Base */ = {isa = PBXFileReference; lastKnownFileType = file.storyboard; name = Base; path = Base.lproj/LaunchScreen.storyboard; sourceTree = "<group>"; };
		552CD5FE29C45111007A4997 /* Info.plist */ = {isa = PBXFileReference; lastKnownFileType = text.plist.xml; path = Info.plist; sourceTree = "<group>"; };
		552CD60A29C451CC007A4997 /* ConversationsController.swift */ = {isa = PBXFileReference; lastKnownFileType = sourcecode.swift; path = ConversationsController.swift; sourceTree = "<group>"; };
		552CD60C29C453F0007A4997 /* Extensions.swift */ = {isa = PBXFileReference; lastKnownFileType = sourcecode.swift; path = Extensions.swift; sourceTree = "<group>"; };
		552CD62229C46E03007A4997 /* LoginView.swift */ = {isa = PBXFileReference; lastKnownFileType = sourcecode.swift; path = LoginView.swift; sourceTree = "<group>"; };
		552CD62429C46E40007A4997 /* LoginViewController.swift */ = {isa = PBXFileReference; lastKnownFileType = sourcecode.swift; path = LoginViewController.swift; sourceTree = "<group>"; };
		552CD62629C48440007A4997 /* GoogleService-Info.plist */ = {isa = PBXFileReference; fileEncoding = 4; lastKnownFileType = text.plist.xml; path = "GoogleService-Info.plist"; sourceTree = "<group>"; };
		552CD62829C486D7007A4997 /* DataManager.swift */ = {isa = PBXFileReference; lastKnownFileType = sourcecode.swift; path = DataManager.swift; sourceTree = "<group>"; };
		553F209B29C4A6CC009D8DEB /* RegistView.swift */ = {isa = PBXFileReference; lastKnownFileType = sourcecode.swift; path = RegistView.swift; sourceTree = "<group>"; };
		553F209D29C4A6E0009D8DEB /* RegistrationViewController.swift */ = {isa = PBXFileReference; lastKnownFileType = sourcecode.swift; path = RegistrationViewController.swift; sourceTree = "<group>"; };
		553F209F29C5A127009D8DEB /* LogicModel.swift */ = {isa = PBXFileReference; lastKnownFileType = sourcecode.swift; path = LogicModel.swift; sourceTree = "<group>"; };
		55978BB329CF1FBF002765E9 /* Extensions 2.swift */ = {isa = PBXFileReference; fileEncoding = 4; lastKnownFileType = sourcecode.swift; path = "Extensions 2.swift"; sourceTree = "<group>"; };
		55978BB529CF2853002765E9 /* ConversationCell.swift */ = {isa = PBXFileReference; lastKnownFileType = sourcecode.swift; path = ConversationCell.swift; sourceTree = "<group>"; };
		55978BB729CF2CAC002765E9 /* ConversationViewModel.swift */ = {isa = PBXFileReference; lastKnownFileType = sourcecode.swift; path = ConversationViewModel.swift; sourceTree = "<group>"; };
		55A2C91029D16FCC00C9E6EB /* ProfileHeader.swift */ = {isa = PBXFileReference; lastKnownFileType = sourcecode.swift; path = ProfileHeader.swift; sourceTree = "<group>"; };
		55A2C91229D2AEB300C9E6EB /* ProfileController.swift */ = {isa = PBXFileReference; lastKnownFileType = sourcecode.swift; path = ProfileController.swift; sourceTree = "<group>"; };
		55A2C91429D2C0F900C9E6EB /* ProfileViewModel.swift */ = {isa = PBXFileReference; lastKnownFileType = sourcecode.swift; path = ProfileViewModel.swift; sourceTree = "<group>"; };
		55A2C91629D2F65C00C9E6EB /* ProfileCell.swift */ = {isa = PBXFileReference; lastKnownFileType = sourcecode.swift; path = ProfileCell.swift; sourceTree = "<group>"; };
		55A2C91829D3170400C9E6EB /* ProfileFooter.swift */ = {isa = PBXFileReference; lastKnownFileType = sourcecode.swift; path = ProfileFooter.swift; sourceTree = "<group>"; };
		55A2C91A29D5492E00C9E6EB /* Error.swift */ = {isa = PBXFileReference; lastKnownFileType = sourcecode.swift; path = Error.swift; sourceTree = "<group>"; };
		55B0C4E629C981C000C38805 /* UserCell.swift */ = {isa = PBXFileReference; lastKnownFileType = sourcecode.swift; path = UserCell.swift; sourceTree = "<group>"; };
		55B0C4E829C99D8500C38805 /* User.swift */ = {isa = PBXFileReference; lastKnownFileType = sourcecode.swift; path = User.swift; sourceTree = "<group>"; };
		55B0C4EA29C99F7700C38805 /* Service.swift */ = {isa = PBXFileReference; lastKnownFileType = sourcecode.swift; path = Service.swift; sourceTree = "<group>"; };
		55B0C4EF29C9B60D00C38805 /* ChatController.swift */ = {isa = PBXFileReference; lastKnownFileType = sourcecode.swift; path = ChatController.swift; sourceTree = "<group>"; };
		55B0C4F129CAB67000C38805 /* CustomInputAccessoryView.swift */ = {isa = PBXFileReference; lastKnownFileType = sourcecode.swift; path = CustomInputAccessoryView.swift; sourceTree = "<group>"; };
		55B0C4F329CAD2DA00C38805 /* MessageCell.swift */ = {isa = PBXFileReference; lastKnownFileType = sourcecode.swift; path = MessageCell.swift; sourceTree = "<group>"; };
		55B0C4F629CADA6A00C38805 /* Message.swift */ = {isa = PBXFileReference; lastKnownFileType = sourcecode.swift; path = Message.swift; sourceTree = "<group>"; };
		55B0C4F829CAE10800C38805 /* MessageViewModel.swift */ = {isa = PBXFileReference; lastKnownFileType = sourcecode.swift; path = MessageViewModel.swift; sourceTree = "<group>"; };
		55B0C4FA29CC09DF00C38805 /* Constants.swift */ = {isa = PBXFileReference; lastKnownFileType = sourcecode.swift; path = Constants.swift; sourceTree = "<group>"; };
		55FCBAE329C84F150080EF45 /* AuthAPI.swift */ = {isa = PBXFileReference; lastKnownFileType = sourcecode.swift; path = AuthAPI.swift; sourceTree = "<group>"; };
		55FCBAE529C891DC0080EF45 /* NewMessageController.swift */ = {isa = PBXFileReference; lastKnownFileType = sourcecode.swift; path = NewMessageController.swift; sourceTree = "<group>"; };
/* End PBXFileReference section */

/* Begin PBXFrameworksBuildPhase section */
		552CD5E729C45110007A4997 /* Frameworks */ = {
			isa = PBXFrameworksBuildPhase;
			buildActionMask = 2147483647;
			files = (
				552CD61529C46A9E007A4997 /* FirebaseDatabase in Frameworks */,
				552CD61729C46A9E007A4997 /* FirebaseFirestore in Frameworks */,
				552CD61029C45411007A4997 /* JGProgressHUD in Frameworks */,
				55B0C4EE29C9AC5E00C38805 /* SDWebImage in Frameworks */,
				553F209A29C4950E009D8DEB /* SnapKit in Frameworks */,
				552CD61929C46A9E007A4997 /* FirebaseStorage in Frameworks */,
				552CD61329C46A9E007A4997 /* FirebaseAuth in Frameworks */,
			);
			runOnlyForDeploymentPostprocessing = 0;
		};
/* End PBXFrameworksBuildPhase section */

/* Begin PBXGroup section */
		552CD5E129C45110007A4997 = {
			isa = PBXGroup;
			children = (
				552CD5EC29C45110007A4997 /* FiraChat_Jimmy */,
				552CD5EB29C45110007A4997 /* Products */,
				552CD61D29C46DA9007A4997 /* Frameworks */,
			);
			sourceTree = "<group>";
		};
		552CD5EB29C45110007A4997 /* Products */ = {
			isa = PBXGroup;
			children = (
				552CD5EA29C45110007A4997 /* FiraChat_Jimmy.app */,
			);
			name = Products;
			sourceTree = "<group>";
		};
		552CD5EC29C45110007A4997 /* FiraChat_Jimmy */ = {
			isa = PBXGroup;
			children = (
				552CD5ED29C45110007A4997 /* AppDelegate.swift */,
				552CD5EF29C45110007A4997 /* SceneDelegate.swift */,
				55978BB329CF1FBF002765E9 /* Extensions 2.swift */,
				552CD60C29C453F0007A4997 /* Extensions.swift */,
				55B0C4FA29CC09DF00C38805 /* Constants.swift */,
				55FCBAE229C84EF10080EF45 /* API */,
				552CD60929C4512A007A4997 /* Models */,
				552CD60829C45128007A4997 /* Views */,
				552CD60729C45126007A4997 /* ViewModels */,
				552CD60629C45124007A4997 /* Controllers */,
				552CD60429C4511E007A4997 /* Utility */,
				552CD5F929C45111007A4997 /* Assets.xcassets */,
				552CD62629C48440007A4997 /* GoogleService-Info.plist */,
				552CD5FE29C45111007A4997 /* Info.plist */,
				552CD5F629C45110007A4997 /* FiraChat_Jimmy.xcdatamodeld */,
			);
			path = FiraChat_Jimmy;
			sourceTree = "<group>";
		};
		552CD60429C4511E007A4997 /* Utility */ = {
			isa = PBXGroup;
			children = (
			);
			path = Utility;
			sourceTree = "<group>";
		};
		552CD60629C45124007A4997 /* Controllers */ = {
			isa = PBXGroup;
			children = (
				552CD5F129C45110007A4997 /* ViewController.swift */,
				552CD60A29C451CC007A4997 /* ConversationsController.swift */,
				552CD62429C46E40007A4997 /* LoginViewController.swift */,
				553F209D29C4A6E0009D8DEB /* RegistrationViewController.swift */,
				55FCBAE529C891DC0080EF45 /* NewMessageController.swift */,
				55B0C4EF29C9B60D00C38805 /* ChatController.swift */,
				55A2C91229D2AEB300C9E6EB /* ProfileController.swift */,
			);
			path = Controllers;
			sourceTree = "<group>";
		};
		552CD60729C45126007A4997 /* ViewModels */ = {
			isa = PBXGroup;
			children = (
				55B0C4F829CAE10800C38805 /* MessageViewModel.swift */,
				55978BB729CF2CAC002765E9 /* ConversationViewModel.swift */,
				55A2C91429D2C0F900C9E6EB /* ProfileViewModel.swift */,
			);
			path = ViewModels;
			sourceTree = "<group>";
		};
		552CD60829C45128007A4997 /* Views */ = {
			isa = PBXGroup;
			children = (
				552CD62229C46E03007A4997 /* LoginView.swift */,
				553F209B29C4A6CC009D8DEB /* RegistView.swift */,
				55B0C4E629C981C000C38805 /* UserCell.swift */,
				552CD5F329C45110007A4997 /* Main.storyboard */,
				552CD5FB29C45111007A4997 /* LaunchScreen.storyboard */,
				55B0C4F129CAB67000C38805 /* CustomInputAccessoryView.swift */,
				55B0C4F329CAD2DA00C38805 /* MessageCell.swift */,
				55978BB529CF2853002765E9 /* ConversationCell.swift */,
				55A2C91029D16FCC00C9E6EB /* ProfileHeader.swift */,
				55A2C91629D2F65C00C9E6EB /* ProfileCell.swift */,
				55A2C91829D3170400C9E6EB /* ProfileFooter.swift */,
			);
			path = Views;
			sourceTree = "<group>";
		};
		552CD60929C4512A007A4997 /* Models */ = {
			isa = PBXGroup;
			children = (
				552CD62829C486D7007A4997 /* DataManager.swift */,
				553F209F29C5A127009D8DEB /* LogicModel.swift */,
				55B0C4E829C99D8500C38805 /* User.swift */,
				55B0C4F629CADA6A00C38805 /* Message.swift */,
			);
			path = Models;
			sourceTree = "<group>";
		};
		552CD61D29C46DA9007A4997 /* Frameworks */ = {
			isa = PBXGroup;
			children = (
			);
			name = Frameworks;
			sourceTree = "<group>";
		};
		55FCBAE229C84EF10080EF45 /* API */ = {
			isa = PBXGroup;
			children = (
				55FCBAE329C84F150080EF45 /* AuthAPI.swift */,
				55A2C91A29D5492E00C9E6EB /* Error.swift */,
				55B0C4EA29C99F7700C38805 /* Service.swift */,
			);
			path = API;
			sourceTree = "<group>";
		};
/* End PBXGroup section */

/* Begin PBXNativeTarget section */
		552CD5E929C45110007A4997 /* FiraChat_Jimmy */ = {
			isa = PBXNativeTarget;
			buildConfigurationList = 552CD60129C45111007A4997 /* Build configuration list for PBXNativeTarget "FiraChat_Jimmy" */;
			buildPhases = (
				552CD5E629C45110007A4997 /* Sources */,
				552CD5E729C45110007A4997 /* Frameworks */,
				552CD5E829C45110007A4997 /* Resources */,
				552CD62129C46DA9007A4997 /* Embed Frameworks */,
			);
			buildRules = (
			);
			dependencies = (
			);
			name = FiraChat_Jimmy;
			packageProductDependencies = (
				552CD60F29C45411007A4997 /* JGProgressHUD */,
				552CD61229C46A9E007A4997 /* FirebaseAuth */,
				552CD61429C46A9E007A4997 /* FirebaseDatabase */,
				552CD61629C46A9E007A4997 /* FirebaseFirestore */,
				552CD61829C46A9E007A4997 /* FirebaseStorage */,
				553F209929C4950E009D8DEB /* SnapKit */,
				55B0C4ED29C9AC5E00C38805 /* SDWebImage */,
			);
			productName = FiraChat_Jimmy;
			productReference = 552CD5EA29C45110007A4997 /* FiraChat_Jimmy.app */;
			productType = "com.apple.product-type.application";
		};
/* End PBXNativeTarget section */

/* Begin PBXProject section */
		552CD5E229C45110007A4997 /* Project object */ = {
			isa = PBXProject;
			attributes = {
				BuildIndependentTargetsInParallel = 1;
				LastSwiftUpdateCheck = 1420;
				LastUpgradeCheck = 1420;
				TargetAttributes = {
					552CD5E929C45110007A4997 = {
						CreatedOnToolsVersion = 14.2;
					};
				};
			};
			buildConfigurationList = 552CD5E529C45110007A4997 /* Build configuration list for PBXProject "FiraChat_Jimmy" */;
			compatibilityVersion = "Xcode 14.0";
			developmentRegion = en;
			hasScannedForEncodings = 0;
			knownRegions = (
				en,
				Base,
			);
			mainGroup = 552CD5E129C45110007A4997;
			packageReferences = (
				552CD60E29C45411007A4997 /* XCRemoteSwiftPackageReference "JGProgressHUD" */,
				552CD61129C46A9E007A4997 /* XCRemoteSwiftPackageReference "firebase-ios-sdk" */,
				552CD61A29C46D98007A4997 /* XCRemoteSwiftPackageReference "SnapKit" */,
				55B0C4EC29C9AC5E00C38805 /* XCRemoteSwiftPackageReference "SDWebImage" */,
			);
			productRefGroup = 552CD5EB29C45110007A4997 /* Products */;
			projectDirPath = "";
			projectRoot = "";
			targets = (
				552CD5E929C45110007A4997 /* FiraChat_Jimmy */,
			);
		};
/* End PBXProject section */

/* Begin PBXResourcesBuildPhase section */
		552CD5E829C45110007A4997 /* Resources */ = {
			isa = PBXResourcesBuildPhase;
			buildActionMask = 2147483647;
			files = (
				552CD5FD29C45111007A4997 /* LaunchScreen.storyboard in Resources */,
				552CD62729C48440007A4997 /* GoogleService-Info.plist in Resources */,
				552CD5FA29C45111007A4997 /* Assets.xcassets in Resources */,
				552CD5F529C45110007A4997 /* Main.storyboard in Resources */,
			);
			runOnlyForDeploymentPostprocessing = 0;
		};
/* End PBXResourcesBuildPhase section */

/* Begin PBXSourcesBuildPhase section */
		552CD5E629C45110007A4997 /* Sources */ = {
			isa = PBXSourcesBuildPhase;
			buildActionMask = 2147483647;
			files = (
				55A2C91129D16FCC00C9E6EB /* ProfileHeader.swift in Sources */,
				55B0C4F929CAE10800C38805 /* MessageViewModel.swift in Sources */,
				55A2C91529D2C0F900C9E6EB /* ProfileViewModel.swift in Sources */,
				553F209C29C4A6CC009D8DEB /* RegistView.swift in Sources */,
				55B0C4F429CAD2DA00C38805 /* MessageCell.swift in Sources */,
				552CD5F229C45110007A4997 /* ViewController.swift in Sources */,
				552CD62329C46E03007A4997 /* LoginView.swift in Sources */,
				552CD60D29C453F0007A4997 /* Extensions.swift in Sources */,
				55B0C4FB29CC09DF00C38805 /* Constants.swift in Sources */,
				55A2C91729D2F65C00C9E6EB /* ProfileCell.swift in Sources */,
				55B0C4E929C99D8500C38805 /* User.swift in Sources */,
				55A2C91929D3170400C9E6EB /* ProfileFooter.swift in Sources */,
				55B0C4F729CADA6A00C38805 /* Message.swift in Sources */,
				55FCBAE629C891DC0080EF45 /* NewMessageController.swift in Sources */,
				552CD5EE29C45110007A4997 /* AppDelegate.swift in Sources */,
				55978BB829CF2CAC002765E9 /* ConversationViewModel.swift in Sources */,
				55A2C91B29D5492E00C9E6EB /* Error.swift in Sources */,
				552CD62529C46E40007A4997 /* LoginViewController.swift in Sources */,
				55FCBAE429C84F150080EF45 /* AuthAPI.swift in Sources */,
				55B0C4E729C981C000C38805 /* UserCell.swift in Sources */,
				552CD60B29C451CC007A4997 /* ConversationsController.swift in Sources */,
				55978BB429CF1FBF002765E9 /* Extensions 2.swift in Sources */,
				55B0C4F229CAB67000C38805 /* CustomInputAccessoryView.swift in Sources */,
				55A2C91329D2AEB300C9E6EB /* ProfileController.swift in Sources */,
				55B0C4EB29C99F7700C38805 /* Service.swift in Sources */,
				552CD5F829C45110007A4997 /* FiraChat_Jimmy.xcdatamodeld in Sources */,
				553F209E29C4A6E0009D8DEB /* RegistrationViewController.swift in Sources */,
				552CD62929C486D7007A4997 /* DataManager.swift in Sources */,
				553F20A029C5A127009D8DEB /* LogicModel.swift in Sources */,
				552CD5F029C45110007A4997 /* SceneDelegate.swift in Sources */,
				55B0C4F029C9B60D00C38805 /* ChatController.swift in Sources */,
				55978BB629CF2853002765E9 /* ConversationCell.swift in Sources */,
			);
			runOnlyForDeploymentPostprocessing = 0;
		};
/* End PBXSourcesBuildPhase section */

/* Begin PBXVariantGroup section */
		552CD5F329C45110007A4997 /* Main.storyboard */ = {
			isa = PBXVariantGroup;
			children = (
				552CD5F429C45110007A4997 /* Base */,
			);
			name = Main.storyboard;
			sourceTree = "<group>";
		};
		552CD5FB29C45111007A4997 /* LaunchScreen.storyboard */ = {
			isa = PBXVariantGroup;
			children = (
				552CD5FC29C45111007A4997 /* Base */,
			);
			name = LaunchScreen.storyboard;
			sourceTree = "<group>";
		};
/* End PBXVariantGroup section */

/* Begin XCBuildConfiguration section */
		552CD5FF29C45111007A4997 /* Debug */ = {
			isa = XCBuildConfiguration;
			buildSettings = {
				ALWAYS_SEARCH_USER_PATHS = NO;
				CLANG_ANALYZER_NONNULL = YES;
				CLANG_ANALYZER_NUMBER_OBJECT_CONVERSION = YES_AGGRESSIVE;
				CLANG_CXX_LANGUAGE_STANDARD = "gnu++20";
				CLANG_ENABLE_MODULES = YES;
				CLANG_ENABLE_OBJC_ARC = YES;
				CLANG_ENABLE_OBJC_WEAK = YES;
				CLANG_WARN_BLOCK_CAPTURE_AUTORELEASING = YES;
				CLANG_WARN_BOOL_CONVERSION = YES;
				CLANG_WARN_COMMA = YES;
				CLANG_WARN_CONSTANT_CONVERSION = YES;
				CLANG_WARN_DEPRECATED_OBJC_IMPLEMENTATIONS = YES;
				CLANG_WARN_DIRECT_OBJC_ISA_USAGE = YES_ERROR;
				CLANG_WARN_DOCUMENTATION_COMMENTS = YES;
				CLANG_WARN_EMPTY_BODY = YES;
				CLANG_WARN_ENUM_CONVERSION = YES;
				CLANG_WARN_INFINITE_RECURSION = YES;
				CLANG_WARN_INT_CONVERSION = YES;
				CLANG_WARN_NON_LITERAL_NULL_CONVERSION = YES;
				CLANG_WARN_OBJC_IMPLICIT_RETAIN_SELF = YES;
				CLANG_WARN_OBJC_LITERAL_CONVERSION = YES;
				CLANG_WARN_OBJC_ROOT_CLASS = YES_ERROR;
				CLANG_WARN_QUOTED_INCLUDE_IN_FRAMEWORK_HEADER = YES;
				CLANG_WARN_RANGE_LOOP_ANALYSIS = YES;
				CLANG_WARN_STRICT_PROTOTYPES = YES;
				CLANG_WARN_SUSPICIOUS_MOVE = YES;
				CLANG_WARN_UNGUARDED_AVAILABILITY = YES_AGGRESSIVE;
				CLANG_WARN_UNREACHABLE_CODE = YES;
				CLANG_WARN__DUPLICATE_METHOD_MATCH = YES;
				COPY_PHASE_STRIP = NO;
				DEBUG_INFORMATION_FORMAT = dwarf;
				ENABLE_STRICT_OBJC_MSGSEND = YES;
				ENABLE_TESTABILITY = YES;
				GCC_C_LANGUAGE_STANDARD = gnu11;
				GCC_DYNAMIC_NO_PIC = NO;
				GCC_NO_COMMON_BLOCKS = YES;
				GCC_OPTIMIZATION_LEVEL = 0;
				GCC_PREPROCESSOR_DEFINITIONS = (
					"DEBUG=1",
					"$(inherited)",
				);
				GCC_WARN_64_TO_32_BIT_CONVERSION = YES;
				GCC_WARN_ABOUT_RETURN_TYPE = YES_ERROR;
				GCC_WARN_UNDECLARED_SELECTOR = YES;
				GCC_WARN_UNINITIALIZED_AUTOS = YES_AGGRESSIVE;
				GCC_WARN_UNUSED_FUNCTION = YES;
				GCC_WARN_UNUSED_VARIABLE = YES;
				IPHONEOS_DEPLOYMENT_TARGET = 16.2;
				MTL_ENABLE_DEBUG_INFO = INCLUDE_SOURCE;
				MTL_FAST_MATH = YES;
				ONLY_ACTIVE_ARCH = YES;
				SDKROOT = iphoneos;
				SWIFT_ACTIVE_COMPILATION_CONDITIONS = DEBUG;
				SWIFT_OPTIMIZATION_LEVEL = "-Onone";
			};
			name = Debug;
		};
		552CD60029C45111007A4997 /* Release */ = {
			isa = XCBuildConfiguration;
			buildSettings = {
				ALWAYS_SEARCH_USER_PATHS = NO;
				CLANG_ANALYZER_NONNULL = YES;
				CLANG_ANALYZER_NUMBER_OBJECT_CONVERSION = YES_AGGRESSIVE;
				CLANG_CXX_LANGUAGE_STANDARD = "gnu++20";
				CLANG_ENABLE_MODULES = YES;
				CLANG_ENABLE_OBJC_ARC = YES;
				CLANG_ENABLE_OBJC_WEAK = YES;
				CLANG_WARN_BLOCK_CAPTURE_AUTORELEASING = YES;
				CLANG_WARN_BOOL_CONVERSION = YES;
				CLANG_WARN_COMMA = YES;
				CLANG_WARN_CONSTANT_CONVERSION = YES;
				CLANG_WARN_DEPRECATED_OBJC_IMPLEMENTATIONS = YES;
				CLANG_WARN_DIRECT_OBJC_ISA_USAGE = YES_ERROR;
				CLANG_WARN_DOCUMENTATION_COMMENTS = YES;
				CLANG_WARN_EMPTY_BODY = YES;
				CLANG_WARN_ENUM_CONVERSION = YES;
				CLANG_WARN_INFINITE_RECURSION = YES;
				CLANG_WARN_INT_CONVERSION = YES;
				CLANG_WARN_NON_LITERAL_NULL_CONVERSION = YES;
				CLANG_WARN_OBJC_IMPLICIT_RETAIN_SELF = YES;
				CLANG_WARN_OBJC_LITERAL_CONVERSION = YES;
				CLANG_WARN_OBJC_ROOT_CLASS = YES_ERROR;
				CLANG_WARN_QUOTED_INCLUDE_IN_FRAMEWORK_HEADER = YES;
				CLANG_WARN_RANGE_LOOP_ANALYSIS = YES;
				CLANG_WARN_STRICT_PROTOTYPES = YES;
				CLANG_WARN_SUSPICIOUS_MOVE = YES;
				CLANG_WARN_UNGUARDED_AVAILABILITY = YES_AGGRESSIVE;
				CLANG_WARN_UNREACHABLE_CODE = YES;
				CLANG_WARN__DUPLICATE_METHOD_MATCH = YES;
				COPY_PHASE_STRIP = NO;
				DEBUG_INFORMATION_FORMAT = "dwarf-with-dsym";
				ENABLE_NS_ASSERTIONS = NO;
				ENABLE_STRICT_OBJC_MSGSEND = YES;
				GCC_C_LANGUAGE_STANDARD = gnu11;
				GCC_NO_COMMON_BLOCKS = YES;
				GCC_WARN_64_TO_32_BIT_CONVERSION = YES;
				GCC_WARN_ABOUT_RETURN_TYPE = YES_ERROR;
				GCC_WARN_UNDECLARED_SELECTOR = YES;
				GCC_WARN_UNINITIALIZED_AUTOS = YES_AGGRESSIVE;
				GCC_WARN_UNUSED_FUNCTION = YES;
				GCC_WARN_UNUSED_VARIABLE = YES;
				IPHONEOS_DEPLOYMENT_TARGET = 16.2;
				MTL_ENABLE_DEBUG_INFO = NO;
				MTL_FAST_MATH = YES;
				SDKROOT = iphoneos;
				SWIFT_COMPILATION_MODE = wholemodule;
				SWIFT_OPTIMIZATION_LEVEL = "-O";
				VALIDATE_PRODUCT = YES;
			};
			name = Release;
		};
		552CD60229C45111007A4997 /* Debug */ = {
			isa = XCBuildConfiguration;
			buildSettings = {
				ASSETCATALOG_COMPILER_APPICON_NAME = AppIcon;
				ASSETCATALOG_COMPILER_GLOBAL_ACCENT_COLOR_NAME = AccentColor;
				CODE_SIGN_STYLE = Automatic;
				CURRENT_PROJECT_VERSION = 1;
				DEVELOPMENT_TEAM = VJ2VF4KUF7;
				GENERATE_INFOPLIST_FILE = YES;
				INFOPLIST_FILE = FiraChat_Jimmy/Info.plist;
				INFOPLIST_KEY_UIApplicationSupportsIndirectInputEvents = YES;
				INFOPLIST_KEY_UILaunchStoryboardName = LaunchScreen;
				INFOPLIST_KEY_UIMainStoryboardFile = Main;
				INFOPLIST_KEY_UISupportedInterfaceOrientations_iPad = "UIInterfaceOrientationPortrait UIInterfaceOrientationPortraitUpsideDown UIInterfaceOrientationLandscapeLeft UIInterfaceOrientationLandscapeRight";
				INFOPLIST_KEY_UISupportedInterfaceOrientations_iPhone = "UIInterfaceOrientationPortrait UIInterfaceOrientationLandscapeLeft UIInterfaceOrientationLandscapeRight";
				IPHONEOS_DEPLOYMENT_TARGET = 16.1;
				LD_RUNPATH_SEARCH_PATHS = (
					"$(inherited)",
					"@executable_path/Frameworks",
				);
				MARKETING_VERSION = 1.0;
				PRODUCT_BUNDLE_IDENTIFIER = "Jimmy.FiraChat-Jimmy";
				PRODUCT_NAME = "$(TARGET_NAME)";
				SWIFT_EMIT_LOC_STRINGS = YES;
				SWIFT_VERSION = 5.0;
				TARGETED_DEVICE_FAMILY = "1,2";
			};
			name = Debug;
		};
		552CD60329C45111007A4997 /* Release */ = {
			isa = XCBuildConfiguration;
			buildSettings = {
				ASSETCATALOG_COMPILER_APPICON_NAME = AppIcon;
				ASSETCATALOG_COMPILER_GLOBAL_ACCENT_COLOR_NAME = AccentColor;
				CODE_SIGN_STYLE = Automatic;
				CURRENT_PROJECT_VERSION = 1;
				DEVELOPMENT_TEAM = VJ2VF4KUF7;
				GENERATE_INFOPLIST_FILE = YES;
				INFOPLIST_FILE = FiraChat_Jimmy/Info.plist;
				INFOPLIST_KEY_UIApplicationSupportsIndirectInputEvents = YES;
				INFOPLIST_KEY_UILaunchStoryboardName = LaunchScreen;
				INFOPLIST_KEY_UIMainStoryboardFile = Main;
				INFOPLIST_KEY_UISupportedInterfaceOrientations_iPad = "UIInterfaceOrientationPortrait UIInterfaceOrientationPortraitUpsideDown UIInterfaceOrientationLandscapeLeft UIInterfaceOrientationLandscapeRight";
				INFOPLIST_KEY_UISupportedInterfaceOrientations_iPhone = "UIInterfaceOrientationPortrait UIInterfaceOrientationLandscapeLeft UIInterfaceOrientationLandscapeRight";
				IPHONEOS_DEPLOYMENT_TARGET = 16.1;
				LD_RUNPATH_SEARCH_PATHS = (
					"$(inherited)",
					"@executable_path/Frameworks",
				);
				MARKETING_VERSION = 1.0;
				PRODUCT_BUNDLE_IDENTIFIER = "Jimmy.FiraChat-Jimmy";
				PRODUCT_NAME = "$(TARGET_NAME)";
				SWIFT_EMIT_LOC_STRINGS = YES;
				SWIFT_VERSION = 5.0;
				TARGETED_DEVICE_FAMILY = "1,2";
			};
			name = Release;
		};
/* End XCBuildConfiguration section */

/* Begin XCConfigurationList section */
		552CD5E529C45110007A4997 /* Build configuration list for PBXProject "FiraChat_Jimmy" */ = {
			isa = XCConfigurationList;
			buildConfigurations = (
				552CD5FF29C45111007A4997 /* Debug */,
				552CD60029C45111007A4997 /* Release */,
			);
			defaultConfigurationIsVisible = 0;
			defaultConfigurationName = Release;
		};
		552CD60129C45111007A4997 /* Build configuration list for PBXNativeTarget "FiraChat_Jimmy" */ = {
			isa = XCConfigurationList;
			buildConfigurations = (
				552CD60229C45111007A4997 /* Debug */,
				552CD60329C45111007A4997 /* Release */,
			);
			defaultConfigurationIsVisible = 0;
			defaultConfigurationName = Release;
		};
/* End XCConfigurationList section */

/* Begin XCRemoteSwiftPackageReference section */
		552CD60E29C45411007A4997 /* XCRemoteSwiftPackageReference "JGProgressHUD" */ = {
			isa = XCRemoteSwiftPackageReference;
			repositoryURL = "https://github.com/JonasGessner/JGProgressHUD.git";
			requirement = {
				branch = master;
				kind = branch;
			};
		};
		552CD61129C46A9E007A4997 /* XCRemoteSwiftPackageReference "firebase-ios-sdk" */ = {
			isa = XCRemoteSwiftPackageReference;
			repositoryURL = "https://github.com/firebase/firebase-ios-sdk";
			requirement = {
				kind = upToNextMajorVersion;
				minimumVersion = 9.0.0;
			};
		};
		552CD61A29C46D98007A4997 /* XCRemoteSwiftPackageReference "SnapKit" */ = {
			isa = XCRemoteSwiftPackageReference;
			repositoryURL = "https://github.com/SnapKit/SnapKit.git";
			requirement = {
				kind = upToNextMajorVersion;
				minimumVersion = 5.0.0;
			};
		};
		55B0C4EC29C9AC5E00C38805 /* XCRemoteSwiftPackageReference "SDWebImage" */ = {
			isa = XCRemoteSwiftPackageReference;
			repositoryURL = "https://github.com/SDWebImage/SDWebImage.git";
			requirement = {
				kind = upToNextMajorVersion;
				minimumVersion = 5.0.0;
			};
		};
/* End XCRemoteSwiftPackageReference section */

/* Begin XCSwiftPackageProductDependency section */
		552CD60F29C45411007A4997 /* JGProgressHUD */ = {
			isa = XCSwiftPackageProductDependency;
			package = 552CD60E29C45411007A4997 /* XCRemoteSwiftPackageReference "JGProgressHUD" */;
			productName = JGProgressHUD;
		};
		552CD61229C46A9E007A4997 /* FirebaseAuth */ = {
			isa = XCSwiftPackageProductDependency;
			package = 552CD61129C46A9E007A4997 /* XCRemoteSwiftPackageReference "firebase-ios-sdk" */;
			productName = FirebaseAuth;
		};
		552CD61429C46A9E007A4997 /* FirebaseDatabase */ = {
			isa = XCSwiftPackageProductDependency;
			package = 552CD61129C46A9E007A4997 /* XCRemoteSwiftPackageReference "firebase-ios-sdk" */;
			productName = FirebaseDatabase;
		};
		552CD61629C46A9E007A4997 /* FirebaseFirestore */ = {
			isa = XCSwiftPackageProductDependency;
			package = 552CD61129C46A9E007A4997 /* XCRemoteSwiftPackageReference "firebase-ios-sdk" */;
			productName = FirebaseFirestore;
		};
		552CD61829C46A9E007A4997 /* FirebaseStorage */ = {
			isa = XCSwiftPackageProductDependency;
			package = 552CD61129C46A9E007A4997 /* XCRemoteSwiftPackageReference "firebase-ios-sdk" */;
			productName = FirebaseStorage;
		};
		553F209929C4950E009D8DEB /* SnapKit */ = {
			isa = XCSwiftPackageProductDependency;
			package = 552CD61A29C46D98007A4997 /* XCRemoteSwiftPackageReference "SnapKit" */;
			productName = SnapKit;
		};
		55B0C4ED29C9AC5E00C38805 /* SDWebImage */ = {
			isa = XCSwiftPackageProductDependency;
			package = 55B0C4EC29C9AC5E00C38805 /* XCRemoteSwiftPackageReference "SDWebImage" */;
			productName = SDWebImage;
		};
/* End XCSwiftPackageProductDependency section */

/* Begin XCVersionGroup section */
		552CD5F629C45110007A4997 /* FiraChat_Jimmy.xcdatamodeld */ = {
			isa = XCVersionGroup;
			children = (
				552CD5F729C45110007A4997 /* FiraChat_Jimmy.xcdatamodel */,
			);
			currentVersion = 552CD5F729C45110007A4997 /* FiraChat_Jimmy.xcdatamodel */;
			path = FiraChat_Jimmy.xcdatamodeld;
			sourceTree = "<group>";
			versionGroupType = wrapper.xcdatamodel;
		};
/* End XCVersionGroup section */
	};
	rootObject = 552CD5E229C45110007A4997 /* Project object */;
}
